/home/penelben/Documents/GitHub/HAMI/DATA/test_data/METABARCODING/final_files/testCOI_Coleoptera_occurence_file.tsv
/home/penelben/Documents/GitHub/HAMI/DATA/test_data/METABARCODING/final_files/testCOI_Coleoptera_cluster_merged.txt
/home/penelben/Documents/GitHub/HAMI/DATA/test_data/METABARCODING/final_files/testCOI_Coleoptera_cluster_seq_keep.txt
/home/penelben/Documents/GitHub/HAMI/DATA/test_data/METABARCODING/testCOI_tax.filter3.csv
/home/penelben/Documents/GitHub/HAMI/DATA/test_data/METABARCODING/testCOI_abundance.filter3.csv
/home/penelben/Documents/GitHub/HAMI/DATA/test_data/METABARCODING/testCOI_abundance_raw_data_METABARCODING.tsv
/home/penelben/Documents/GitHub/HAMI/DATA/test_data/METABARCODING/testCOI_Metadata_METABARCODING.csv
/home/penelben/Documents/GitHub/HAMI/DATA/test_data/testCOI_cleaned_abundance.txt
/home/penelben/Documents/GitHub/HAMI/DATA/test_data/testCOI_abundance_raw.csv
/home/penelben/Documents/GitHub/HAMI/DATA/test_data/testCOI_multi-affiliations.csv
